
Microsoft Visual Studio Solution File, Format Version 12.00
# Visual Studio Version 16
VisualStudioVersion = 16.0.31729.503
MinimumVisualStudioVersion = 10.0.40219.1
Project("{9A19103F-16F7-4668-BE54-9A1E7A4F7556}") = "Calculatrice", "Calculatrice.csproj", "{53A636FC-F54B-42A4-BB65-7F4DDE464589}"
EndProject
Global
	GlobalSection(SolutionConfigurationPlatforms) = preSolution
		Adeline_Calcul|Any CPU = Adeline_Calcul|Any CPU
		Adeline_Calcul|x64 = Adeline_Calcul|x64
		Debug|Any CPU = Debug|Any CPU
		Debug|x64 = Debug|x64
		Release|Any CPU = Release|Any CPU
		Release|x64 = Release|x64
	EndGlobalSection
	GlobalSection(ProjectConfigurationPlatforms) = postSolution
		{53A636FC-F54B-42A4-BB65-7F4DDE464589}.Adeline_Calcul|Any CPU.ActiveCfg = Adeline_Calcul|Any CPU
		{53A636FC-F54B-42A4-BB65-7F4DDE464589}.Adeline_Calcul|Any CPU.Build.0 = Adeline_Calcul|Any CPU
		{53A636FC-F54B-42A4-BB65-7F4DDE464589}.Adeline_Calcul|x64.ActiveCfg = Adeline_Calcul|x64
		{53A636FC-F54B-42A4-BB65-7F4DDE464589}.Adeline_Calcul|x64.Build.0 = Adeline_Calcul|x64
		{53A636FC-F54B-42A4-BB65-7F4DDE464589}.Debug|Any CPU.ActiveCfg = Debug|Any CPU
		{53A636FC-F54B-42A4-BB65-7F4DDE464589}.Debug|Any CPU.Build.0 = Debug|Any CPU
		{53A636FC-F54B-42A4-BB65-7F4DDE464589}.Debug|x64.ActiveCfg = Debug|x64
		{53A636FC-F54B-42A4-BB65-7F4DDE464589}.Debug|x64.Build.0 = Debug|x64
		{53A636FC-F54B-42A4-BB65-7F4DDE464589}.Release|Any CPU.ActiveCfg = Release|Any CPU
		{53A636FC-F54B-42A4-BB65-7F4DDE464589}.Release|Any CPU.Build.0 = Release|Any CPU
		{53A636FC-F54B-42A4-BB65-7F4DDE464589}.Release|x64.ActiveCfg = Release|x64
		{53A636FC-F54B-42A4-BB65-7F4DDE464589}.Release|x64.Build.0 = Release|x64
	EndGlobalSection
	GlobalSection(SolutionProperties) = preSolution
		HideSolutionNode = FALSE
	EndGlobalSection
	GlobalSection(ExtensibilityGlobals) = postSolution
		SolutionGuid = {2B6CC860-CA11-4BF7-A1FD-A29193BE4220}
	EndGlobalSection
EndGlobal
